
Microsoft Visual Studio Solution File, Format Version 12.00
# Visual Studio Version 16
VisualStudioVersion = 16.0.29613.14
MinimumVisualStudioVersion = 10.0.40219.1
Project("{FAE04EC0-301F-11D3-BF4B-00C04F79EFBC}") = "DiceeApp_AydinBattal", "DiceeApp_AydinBattal\DiceeApp_AydinBattal.csproj", "{62EE9E28-E0B3-4903-9AA5-498A2CFDD654}"
EndProject
Global
	GlobalSection(SolutionConfigurationPlatforms) = preSolution
		Debug|ARM = Debug|ARM
		Debug|ARM64 = Debug|ARM64
		Debug|x64 = Debug|x64
		Debug|x86 = Debug|x86
		Release|ARM = Release|ARM
		Release|ARM64 = Release|ARM64
		Release|x64 = Release|x64
		Release|x86 = Release|x86
	EndGlobalSection
	GlobalSection(ProjectConfigurationPlatforms) = postSolution
		{62EE9E28-E0B3-4903-9AA5-498A2CFDD654}.Debug|ARM.ActiveCfg = Debug|ARM
		{62EE9E28-E0B3-4903-9AA5-498A2CFDD654}.Debug|ARM.Build.0 = Debug|ARM
		{62EE9E28-E0B3-4903-9AA5-498A2CFDD654}.Debug|ARM.Deploy.0 = Debug|ARM
		{62EE9E28-E0B3-4903-9AA5-498A2CFDD654}.Debug|ARM64.ActiveCfg = Debug|ARM64
		{62EE9E28-E0B3-4903-9AA5-498A2CFDD654}.Debug|ARM64.Build.0 = Debug|ARM64
		{62EE9E28-E0B3-4903-9AA5-498A2CFDD654}.Debug|ARM64.Deploy.0 = Debug|ARM64
		{62EE9E28-E0B3-4903-9AA5-498A2CFDD654}.Debug|x64.ActiveCfg = Debug|x64
		{62EE9E28-E0B3-4903-9AA5-498A2CFDD654}.Debug|x64.Build.0 = Debug|x64
		{62EE9E28-E0B3-4903-9AA5-498A2CFDD654}.Debug|x64.Deploy.0 = Debug|x64
		{62EE9E28-E0B3-4903-9AA5-498A2CFDD654}.Debug|x86.ActiveCfg = Debug|x86
		{62EE9E28-E0B3-4903-9AA5-498A2CFDD654}.Debug|x86.Build.0 = Debug|x86
		{62EE9E28-E0B3-4903-9AA5-498A2CFDD654}.Debug|x86.Deploy.0 = Debug|x86
		{62EE9E28-E0B3-4903-9AA5-498A2CFDD654}.Release|ARM.ActiveCfg = Release|ARM
		{62EE9E28-E0B3-4903-9AA5-498A2CFDD654}.Release|ARM.Build.0 = Release|ARM
		{62EE9E28-E0B3-4903-9AA5-498A2CFDD654}.Release|ARM.Deploy.0 = Release|ARM
		{62EE9E28-E0B3-4903-9AA5-498A2CFDD654}.Release|ARM64.ActiveCfg = Release|ARM64
		{62EE9E28-E0B3-4903-9AA5-498A2CFDD654}.Release|ARM64.Build.0 = Release|ARM64
		{62EE9E28-E0B3-4903-9AA5-498A2CFDD654}.Release|ARM64.Deploy.0 = Release|ARM64
		{62EE9E28-E0B3-4903-9AA5-498A2CFDD654}.Release|x64.ActiveCfg = Release|x64
		{62EE9E28-E0B3-4903-9AA5-498A2CFDD654}.Release|x64.Build.0 = Release|x64
		{62EE9E28-E0B3-4903-9AA5-498A2CFDD654}.Release|x64.Deploy.0 = Release|x64
		{62EE9E28-E0B3-4903-9AA5-498A2CFDD654}.Release|x86.ActiveCfg = Release|x86
		{62EE9E28-E0B3-4903-9AA5-498A2CFDD654}.Release|x86.Build.0 = Release|x86
		{62EE9E28-E0B3-4903-9AA5-498A2CFDD654}.Release|x86.Deploy.0 = Release|x86
	EndGlobalSection
	GlobalSection(SolutionProperties) = preSolution
		HideSolutionNode = FALSE
	EndGlobalSection
	GlobalSection(ExtensibilityGlobals) = postSolution
		SolutionGuid = {09821A1C-7D30-4697-A42A-56EF237BCF3C}
	EndGlobalSection
EndGlobal
